
Microsoft Visual Studio Solution File, Format Version 12.00
# Visual Studio Version 17
VisualStudioVersion = 17.5.33502.453
MinimumVisualStudioVersion = 10.0.40219.1
Project("{9A19103F-16F7-4668-BE54-9A1E7A4F7556}") = "stin", "stin\stin.csproj", "{DB4D7369-CEBE-4C0F-B3DC-663150D57B8D}"
EndProject
Project("{FAE04EC0-301F-11D3-BF4B-00C04F79EFBC}") = "Klient.Management.Service", "Klient.Management.Service\Klient.Management.Service.csproj", "{490FEC4B-639A-46CF-A9B2-10D674897694}"
EndProject
Global
	GlobalSection(SolutionConfigurationPlatforms) = preSolution
		Debug|Any CPU = Debug|Any CPU
		Release|Any CPU = Release|Any CPU
	EndGlobalSection
	GlobalSection(ProjectConfigurationPlatforms) = postSolution
		{DB4D7369-CEBE-4C0F-B3DC-663150D57B8D}.Debug|Any CPU.ActiveCfg = Debug|Any CPU
		{DB4D7369-CEBE-4C0F-B3DC-663150D57B8D}.Debug|Any CPU.Build.0 = Debug|Any CPU
		{DB4D7369-CEBE-4C0F-B3DC-663150D57B8D}.Release|Any CPU.ActiveCfg = Release|Any CPU
		{DB4D7369-CEBE-4C0F-B3DC-663150D57B8D}.Release|Any CPU.Build.0 = Release|Any CPU
		{490FEC4B-639A-46CF-A9B2-10D674897694}.Debug|Any CPU.ActiveCfg = Debug|Any CPU
		{490FEC4B-639A-46CF-A9B2-10D674897694}.Debug|Any CPU.Build.0 = Debug|Any CPU
		{490FEC4B-639A-46CF-A9B2-10D674897694}.Release|Any CPU.ActiveCfg = Release|Any CPU
		{490FEC4B-639A-46CF-A9B2-10D674897694}.Release|Any CPU.Build.0 = Release|Any CPU
	EndGlobalSection
	GlobalSection(SolutionProperties) = preSolution
		HideSolutionNode = FALSE
	EndGlobalSection
	GlobalSection(ExtensibilityGlobals) = postSolution
		SolutionGuid = {596C10EC-DF78-450B-BAEA-1B882B5D6DB8}
	EndGlobalSection
EndGlobal
